
Microsoft Visual Studio Solution File, Format Version 12.00
# Visual Studio Version 17
VisualStudioVersion = 17.4.33213.308
MinimumVisualStudioVersion = 10.0.40219.1
Project("{9A19103F-16F7-4668-BE54-9A1E7A4F7556}") = "BlazorApp1", "BlazorApp1.csproj", "{409AFF6D-2FAD-478C-A2CC-36128D97F306}"
EndProject
Project("{FAE04EC0-301F-11D3-BF4B-00C04F79EFBC}") = "BusinessLogic", "..\BusinessLogic\BusinessLogic.csproj", "{96630A69-05FF-47CF-A110-C49147BCEBBA}"
EndProject
Project("{FAE04EC0-301F-11D3-BF4B-00C04F79EFBC}") = "DataAccess", "..\DataAccess\DataAccess.csproj", "{09E4985E-F767-4F64-B814-AB0F9C5F38E5}"
EndProject
Global
	GlobalSection(SolutionConfigurationPlatforms) = preSolution
		Debug|Any CPU = Debug|Any CPU
		Release|Any CPU = Release|Any CPU
	EndGlobalSection
	GlobalSection(ProjectConfigurationPlatforms) = postSolution
		{409AFF6D-2FAD-478C-A2CC-36128D97F306}.Debug|Any CPU.ActiveCfg = Debug|Any CPU
		{409AFF6D-2FAD-478C-A2CC-36128D97F306}.Debug|Any CPU.Build.0 = Debug|Any CPU
		{409AFF6D-2FAD-478C-A2CC-36128D97F306}.Release|Any CPU.ActiveCfg = Release|Any CPU
		{409AFF6D-2FAD-478C-A2CC-36128D97F306}.Release|Any CPU.Build.0 = Release|Any CPU
		{96630A69-05FF-47CF-A110-C49147BCEBBA}.Debug|Any CPU.ActiveCfg = Debug|Any CPU
		{96630A69-05FF-47CF-A110-C49147BCEBBA}.Debug|Any CPU.Build.0 = Debug|Any CPU
		{96630A69-05FF-47CF-A110-C49147BCEBBA}.Release|Any CPU.ActiveCfg = Release|Any CPU
		{96630A69-05FF-47CF-A110-C49147BCEBBA}.Release|Any CPU.Build.0 = Release|Any CPU
		{09E4985E-F767-4F64-B814-AB0F9C5F38E5}.Debug|Any CPU.ActiveCfg = Debug|Any CPU
		{09E4985E-F767-4F64-B814-AB0F9C5F38E5}.Debug|Any CPU.Build.0 = Debug|Any CPU
		{09E4985E-F767-4F64-B814-AB0F9C5F38E5}.Release|Any CPU.ActiveCfg = Release|Any CPU
		{09E4985E-F767-4F64-B814-AB0F9C5F38E5}.Release|Any CPU.Build.0 = Release|Any CPU
	EndGlobalSection
	GlobalSection(SolutionProperties) = preSolution
		HideSolutionNode = FALSE
	EndGlobalSection
	GlobalSection(ExtensibilityGlobals) = postSolution
		SolutionGuid = {F4258736-C46F-45A8-BECF-F6FF722F8A55}
	EndGlobalSection
EndGlobal
